
Microsoft Visual Studio Solution File, Format Version 12.00
# Visual Studio 14
VisualStudioVersion = 14.0.25420.1
MinimumVisualStudioVersion = 10.0.40219.1
Project("{FAE04EC0-301F-11D3-BF4B-00C04F79EFBC}") = "kErMIT", "kErMIT\kErMIT.csproj", "{0462A668-E2C0-46E3-A016-D9E86E47AB32}"
EndProject
Project("{FAE04EC0-301F-11D3-BF4B-00C04F79EFBC}") = "kErMIT.Test", "kErMIT.Test\kErMIT.Test.csproj", "{E389DC6E-C8A4-48A4-9418-3BA3D8E695E9}"
EndProject
Global
	GlobalSection(SolutionConfigurationPlatforms) = preSolution
		Debug|Any CPU = Debug|Any CPU
		Release|Any CPU = Release|Any CPU
	EndGlobalSection
	GlobalSection(ProjectConfigurationPlatforms) = postSolution
		{0462A668-E2C0-46E3-A016-D9E86E47AB32}.Debug|Any CPU.ActiveCfg = Debug|Any CPU
		{0462A668-E2C0-46E3-A016-D9E86E47AB32}.Debug|Any CPU.Build.0 = Debug|Any CPU
		{0462A668-E2C0-46E3-A016-D9E86E47AB32}.Release|Any CPU.ActiveCfg = Release|Any CPU
		{0462A668-E2C0-46E3-A016-D9E86E47AB32}.Release|Any CPU.Build.0 = Release|Any CPU
		{E389DC6E-C8A4-48A4-9418-3BA3D8E695E9}.Debug|Any CPU.ActiveCfg = Debug|Any CPU
		{E389DC6E-C8A4-48A4-9418-3BA3D8E695E9}.Debug|Any CPU.Build.0 = Debug|Any CPU
		{E389DC6E-C8A4-48A4-9418-3BA3D8E695E9}.Release|Any CPU.ActiveCfg = Release|Any CPU
		{E389DC6E-C8A4-48A4-9418-3BA3D8E695E9}.Release|Any CPU.Build.0 = Release|Any CPU
	EndGlobalSection
	GlobalSection(SolutionProperties) = preSolution
		HideSolutionNode = FALSE
	EndGlobalSection
EndGlobal
